
Microsoft Visual Studio Solution File, Format Version 12.00
# Visual Studio Version 17
VisualStudioVersion = 17.3.32929.385
MinimumVisualStudioVersion = 10.0.40219.1
Project("{FAE04EC0-301F-11D3-BF4B-00C04F79EFBC}") = "Course Work 1", "Course Work 1\Course Work 1.csproj", "{EDC42F48-07C6-43DF-9D27-90BD4586332F}"
EndProject
Global
	GlobalSection(SolutionConfigurationPlatforms) = preSolution
		Debug|Any CPU = Debug|Any CPU
		Release|Any CPU = Release|Any CPU
	EndGlobalSection
	GlobalSection(ProjectConfigurationPlatforms) = postSolution
		{EDC42F48-07C6-43DF-9D27-90BD4586332F}.Debug|Any CPU.ActiveCfg = Debug|Any CPU
		{EDC42F48-07C6-43DF-9D27-90BD4586332F}.Debug|Any CPU.Build.0 = Debug|Any CPU
		{EDC42F48-07C6-43DF-9D27-90BD4586332F}.Release|Any CPU.ActiveCfg = Release|Any CPU
		{EDC42F48-07C6-43DF-9D27-90BD4586332F}.Release|Any CPU.Build.0 = Release|Any CPU
	EndGlobalSection
	GlobalSection(SolutionProperties) = preSolution
		HideSolutionNode = FALSE
	EndGlobalSection
	GlobalSection(ExtensibilityGlobals) = postSolution
		SolutionGuid = {2E5B3710-C919-4B37-88A4-30C84826AB0A}
	EndGlobalSection
EndGlobal
